{
  "version": "2",
  "remote": {
    "https://cdn.skypack.dev/-/debug@v4.3.4-o4liVvMlOnQWbLSYZMXw/dist=es2019,mode=imports/optimized/debug.js": "671100993996e39b501301a87000607916d4d2d9f8fc8e9c5200ae5ba64a1389",
    "https://cdn.skypack.dev/-/ms@v2.1.2-giBDZ1IA5lmQ3ZXaa87V/dist=es2019,mode=imports/optimized/ms.js": "fd88e2d51900437011f1ad232f3393ce97db1b87a7844b3c58dd6d65562c1276",
    "https://cdn.skypack.dev/debug@4.3.4": "7b1d010cc930f71b940ba5941da055bc181115229e29de7214bdb4425c68ea76",
    "https://deno.land/std@0.135.0/_util/assert.ts": "e94f2eb37cebd7f199952e242c77654e43333c1ac4c5c700e929ea3aa5489f74",
    "https://deno.land/std@0.135.0/_util/os.ts": "49b92edea1e82ba295ec946de8ffd956ed123e2948d9bd1d3e901b04e4307617",
    "https://deno.land/std@0.135.0/bytes/bytes_list.ts": "67eb118e0b7891d2f389dad4add35856f4ad5faab46318ff99653456c23b025d",
    "https://deno.land/std@0.135.0/bytes/equals.ts": "a60ef9f01fb6e06a4e0343fc44d53d39d12dd66bc3f09ac8e6eb9cc1a6335e48",
    "https://deno.land/std@0.135.0/bytes/mod.ts": "4cef6fe8f0de217b9babbcbb0a566402b667f18a8e6d094a45e5fb3fc1afff70",
    "https://deno.land/std@0.135.0/fmt/colors.ts": "30455035d6d728394781c10755351742dd731e3db6771b1843f9b9e490104d37",
    "https://deno.land/std@0.135.0/io/buffer.ts": "bd0c4bf53db4b4be916ca5963e454bddfd3fcd45039041ea161dbf826817822b",
    "https://deno.land/std@0.135.0/io/files.ts": "d199ef64e918a256320ba8d8d44ae91de87c9077df8f8d6cca013f1b9fbbe285",
    "https://deno.land/std@0.135.0/io/mod.ts": "1a4e8d19d42745fb2ff68d6ffa801657a4a15713bf7e7173df2da4737f5c5450",
    "https://deno.land/std@0.135.0/io/readers.ts": "15062a8863e6df8503ac6629924d04c5e65cf3da15997470525e705831a810c8",
    "https://deno.land/std@0.135.0/io/streams.ts": "988a19155b52161f0035ce539e2f1d12edbc4c389fa7633da832a64e6edbe1a0",
    "https://deno.land/std@0.135.0/io/types.d.ts": "01f60ae7ec02675b5dbed150d258fc184a78dfe5c209ef53ba4422b46b58822c",
    "https://deno.land/std@0.135.0/io/util.ts": "078da53bba767bec0d45f7da44411f6dbf269e51ef7fcfea5e3714e04681c674",
    "https://deno.land/std@0.135.0/io/writers.ts": "5db9995d2afc7ed391c88c6b441457df6fad6a0b09653e54c1dcd0387ab947fd",
    "https://deno.land/std@0.135.0/path/_constants.ts": "df1db3ffa6dd6d1252cc9617e5d72165cd2483df90e93833e13580687b6083c3",
    "https://deno.land/std@0.135.0/path/_interface.ts": "ee3b431a336b80cf445441109d089b70d87d5e248f4f90ff906820889ecf8d09",
    "https://deno.land/std@0.135.0/path/_util.ts": "c1e9686d0164e29f7d880b2158971d805b6e0efc3110d0b3e24e4b8af2190d2b",
    "https://deno.land/std@0.135.0/path/common.ts": "bee563630abd2d97f99d83c96c2fa0cca7cee103e8cb4e7699ec4d5db7bd2633",
    "https://deno.land/std@0.135.0/path/glob.ts": "cb5255638de1048973c3e69e420c77dc04f75755524cb3b2e160fe9277d939ee",
    "https://deno.land/std@0.135.0/path/mod.ts": "4275129bb766f0e475ecc5246aa35689eeade419d72a48355203f31802640be7",
    "https://deno.land/std@0.135.0/path/posix.ts": "293cdaec3ecccec0a9cc2b534302dfe308adb6f10861fa183275d6695faace44",
    "https://deno.land/std@0.135.0/path/separator.ts": "fe1816cb765a8068afb3e8f13ad272351c85cbc739af56dacfc7d93d710fe0f9",
    "https://deno.land/std@0.135.0/path/win32.ts": "31811536855e19ba37a999cd8d1b62078235548d67902ece4aa6b814596dd757",
    "https://deno.land/std@0.135.0/streams/conversion.ts": "712585bfa0172a97fb68dd46e784ae8ad59d11b88079d6a4ab098ff42e697d21",
    "https://deno.land/std@0.135.0/testing/_diff.ts": "9d849cd6877694152e01775b2d93f9d6b7aef7e24bfe3bfafc4d7a1ac8e9f392",
    "https://deno.land/std@0.135.0/testing/asserts.ts": "b0ef969032882b1f7eb1c7571e313214baa1485f7b61cf35807b2434e254365c",
    "https://deno.land/std@0.152.0/_util/assert.ts": "e94f2eb37cebd7f199952e242c77654e43333c1ac4c5c700e929ea3aa5489f74",
    "https://deno.land/std@0.152.0/_util/os.ts": "3b4c6e27febd119d36a416d7a97bd3b0251b77c88942c8f16ee5953ea13e2e49",
    "https://deno.land/std@0.152.0/async/deferred.ts": "bc18e28108252c9f67dfca2bbc4587c3cbf3aeb6e155f8c864ca8ecff992b98a",
    "https://deno.land/std@0.152.0/bytes/bytes_list.ts": "aba5e2369e77d426b10af1de0dcc4531acecec27f9b9056f4f7bfbf8ac147ab4",
    "https://deno.land/std@0.152.0/bytes/equals.ts": "3c3558c3ae85526f84510aa2b48ab2ad7bdd899e2e0f5b7a8ffc85acb3a6043a",
    "https://deno.land/std@0.152.0/bytes/mod.ts": "763f97d33051cc3f28af1a688dfe2830841192a9fea0cbaa55f927b49d49d0bf",
    "https://deno.land/std@0.152.0/crypto/timing_safe_equal.ts": "82a29b737bc8932d75d7a20c404136089d5d23629e94ba14efa98a8cc066c73e",
    "https://deno.land/std@0.152.0/encoding/base64.ts": "c57868ca7fa2fbe919f57f88a623ad34e3d970d675bdc1ff3a9d02bba7409db2",
    "https://deno.land/std@0.152.0/fmt/colors.ts": "6f9340b7fb8cc25a993a99e5efc56fe81bb5af284ff412129dd06df06f53c0b4",
    "https://deno.land/std@0.152.0/http/_negotiation/common.ts": "410e902f01cdd324e4746e8017595be4fc357d6fc4cd6044f2f808a943d7eaf7",
    "https://deno.land/std@0.152.0/http/_negotiation/encoding.ts": "f749c1d539d139af783e8a7741de5a47a98a5e3c9af82b8af512567ccf5fe632",
    "https://deno.land/std@0.152.0/http/_negotiation/language.ts": "53c306186904d2dace4c624a8822542866ad332a7f40ac90e0af1504f95c63d0",
    "https://deno.land/std@0.152.0/http/_negotiation/media_type.ts": "ecdda87286495f7ff25116858f5088856953e2f1585e593d314e0c71b826a137",
    "https://deno.land/std@0.152.0/http/http_errors.ts": "fe9b7f95f7ee0592c3306f8c7aed03ba53d55d1ef81e00041c1171b9588f46d9",
    "https://deno.land/std@0.152.0/http/http_status.ts": "897575a7d6bc2b9123f6a38ecbc0f03d95a532c5d92029315dc9f508e12526b8",
    "https://deno.land/std@0.152.0/http/negotiation.ts": "f35b1ff2ad4ff9feaa00ac234960b398172768205c8eceaef7f2eafe34716ba2",
    "https://deno.land/std@0.152.0/io/buffer.ts": "bd0c4bf53db4b4be916ca5963e454bddfd3fcd45039041ea161dbf826817822b",
    "https://deno.land/std@0.152.0/io/readers.ts": "45847ad404afd2f605eae1cff193f223462bc55eeb9ae313c2f3db28aada0fd6",
    "https://deno.land/std@0.152.0/io/types.d.ts": "0cae3a62da7a37043661746c65c021058bae020b54e50c0e774916e5d4baee43",
    "https://deno.land/std@0.152.0/media_types/_util.ts": "ce9b4fc4ba1c447dafab619055e20fd88236ca6bdd7834a21f98bd193c3fbfa1",
    "https://deno.land/std@0.152.0/media_types/mod.ts": "3829264ca0610cac40f3214f939d7733483523f82bc1041c51045d7c75fb93b8",
    "https://deno.land/std@0.152.0/media_types/vendor/mime-db.v1.52.0.ts": "724cee25fa40f1a52d3937d6b4fbbfdd7791ff55e1b7ac08d9319d5632c7f5af",
    "https://deno.land/std@0.152.0/path/_constants.ts": "df1db3ffa6dd6d1252cc9617e5d72165cd2483df90e93833e13580687b6083c3",
    "https://deno.land/std@0.152.0/path/_interface.ts": "ee3b431a336b80cf445441109d089b70d87d5e248f4f90ff906820889ecf8d09",
    "https://deno.land/std@0.152.0/path/_util.ts": "c1e9686d0164e29f7d880b2158971d805b6e0efc3110d0b3e24e4b8af2190d2b",
    "https://deno.land/std@0.152.0/path/common.ts": "bee563630abd2d97f99d83c96c2fa0cca7cee103e8cb4e7699ec4d5db7bd2633",
    "https://deno.land/std@0.152.0/path/glob.ts": "cb5255638de1048973c3e69e420c77dc04f75755524cb3b2e160fe9277d939ee",
    "https://deno.land/std@0.152.0/path/mod.ts": "56fec03ad0ebd61b6ab39ddb9b0ddb4c4a5c9f2f4f632e09dd37ec9ebfd722ac",
    "https://deno.land/std@0.152.0/path/posix.ts": "c1f7afe274290ea0b51da07ee205653b2964bd74909a82deb07b69a6cc383aaa",
    "https://deno.land/std@0.152.0/path/separator.ts": "fe1816cb765a8068afb3e8f13ad272351c85cbc739af56dacfc7d93d710fe0f9",
    "https://deno.land/std@0.152.0/path/win32.ts": "bd7549042e37879c68ff2f8576a25950abbfca1d696d41d82c7bca0b7e6f452c",
    "https://deno.land/std@0.152.0/streams/conversion.ts": "fc3db02026183da795fa32ac7549868e9f19c75ba029d4b4c3739af62b48517a",
    "https://deno.land/std@0.152.0/testing/_diff.ts": "029a00560b0d534bc0046f1bce4bd36b3b41ada3f2a3178c85686eb2ff5f1413",
    "https://deno.land/std@0.152.0/testing/_format.ts": "0d8dc79eab15b67cdc532826213bbe05bccfd276ca473a50a3fc7bbfb7260642",
    "https://deno.land/std@0.152.0/testing/asserts.ts": "093735c88f52bbead7f60a1f7a97a2ce4df3c2d5fab00a46956f20b4a5793ccd",
    "https://deno.land/std@0.153.0/_util/assert.ts": "e94f2eb37cebd7f199952e242c77654e43333c1ac4c5c700e929ea3aa5489f74",
    "https://deno.land/std@0.153.0/_util/os.ts": "3b4c6e27febd119d36a416d7a97bd3b0251b77c88942c8f16ee5953ea13e2e49",
    "https://deno.land/std@0.153.0/async/deferred.ts": "c01de44b9192359cebd3fe93273fcebf9e95110bf3360023917da9a2d1489fae",
    "https://deno.land/std@0.153.0/bytes/bytes_list.ts": "aba5e2369e77d426b10af1de0dcc4531acecec27f9b9056f4f7bfbf8ac147ab4",
    "https://deno.land/std@0.153.0/bytes/equals.ts": "3c3558c3ae85526f84510aa2b48ab2ad7bdd899e2e0f5b7a8ffc85acb3a6043a",
    "https://deno.land/std@0.153.0/bytes/mod.ts": "763f97d33051cc3f28af1a688dfe2830841192a9fea0cbaa55f927b49d49d0bf",
    "https://deno.land/std@0.153.0/fmt/colors.ts": "ff7dc9c9f33a72bd48bc24b21bbc1b4545d8494a431f17894dbc5fe92a938fc4",
    "https://deno.land/std@0.153.0/io/buffer.ts": "8232dcd8c4c7f14b95f28444454ad63750267be23e0fd7f88320c68b0f87a3b5",
    "https://deno.land/std@0.153.0/io/types.d.ts": "0cae3a62da7a37043661746c65c021058bae020b54e50c0e774916e5d4baee43",
    "https://deno.land/std@0.153.0/path/_constants.ts": "df1db3ffa6dd6d1252cc9617e5d72165cd2483df90e93833e13580687b6083c3",
    "https://deno.land/std@0.153.0/path/_interface.ts": "ee3b431a336b80cf445441109d089b70d87d5e248f4f90ff906820889ecf8d09",
    "https://deno.land/std@0.153.0/path/_util.ts": "d16be2a16e1204b65f9d0dfc54a9bc472cafe5f4a190b3c8471ec2016ccd1677",
    "https://deno.land/std@0.153.0/path/common.ts": "bee563630abd2d97f99d83c96c2fa0cca7cee103e8cb4e7699ec4d5db7bd2633",
    "https://deno.land/std@0.153.0/path/glob.ts": "cb5255638de1048973c3e69e420c77dc04f75755524cb3b2e160fe9277d939ee",
    "https://deno.land/std@0.153.0/path/mod.ts": "56fec03ad0ebd61b6ab39ddb9b0ddb4c4a5c9f2f4f632e09dd37ec9ebfd722ac",
    "https://deno.land/std@0.153.0/path/posix.ts": "c1f7afe274290ea0b51da07ee205653b2964bd74909a82deb07b69a6cc383aaa",
    "https://deno.land/std@0.153.0/path/separator.ts": "fe1816cb765a8068afb3e8f13ad272351c85cbc739af56dacfc7d93d710fe0f9",
    "https://deno.land/std@0.153.0/path/win32.ts": "bd7549042e37879c68ff2f8576a25950abbfca1d696d41d82c7bca0b7e6f452c",
    "https://deno.land/std@0.153.0/streams/buffer.ts": "c9aef91ccb7d23555b1d942d39eeca2546879ddfa19de450e9765d9e7069dce1",
    "https://deno.land/std@0.153.0/streams/conversion.ts": "fc4eb76a14148c43f0b85e903a5a1526391aa40ed9434dc21e34f88304eb823e",
    "https://deno.land/std@0.153.0/streams/delimiter.ts": "4c568cdbdc71a8563f8e3b032ec0bbd52992fc4a1cf257baa00cf6b4f7034bd4",
    "https://deno.land/std@0.153.0/streams/merge.ts": "88ed3dfa030ae076802688e4cadd762a251a41d81ed1776dfd9a2a9a0e970195",
    "https://deno.land/std@0.153.0/streams/mod.ts": "f402791689d74bd091ecf8f4015bc5b7d5c18132a55c7c72fe0576d1fb254cf9",
    "https://deno.land/std@0.160.0/_util/assert.ts": "e94f2eb37cebd7f199952e242c77654e43333c1ac4c5c700e929ea3aa5489f74",
    "https://deno.land/std@0.160.0/_util/os.ts": "8a33345f74990e627b9dfe2de9b040004b08ea5146c7c9e8fe9a29070d193934",
    "https://deno.land/std@0.160.0/async/abortable.ts": "87aa7230be8360c24ad437212311c9e8d4328854baec27b4c7abb26e85515c06",
    "https://deno.land/std@0.160.0/async/deadline.ts": "48ac998d7564969f3e6ec6b6f9bf0217ebd00239b1b2292feba61272d5dd58d0",
    "https://deno.land/std@0.160.0/async/debounce.ts": "dc8b92d4a4fe7eac32c924f2b8d3e62112530db70cadce27042689d82970b350",
    "https://deno.land/std@0.160.0/async/deferred.ts": "d8fb253ffde2a056e4889ef7e90f3928f28be9f9294b6505773d33f136aab4e6",
    "https://deno.land/std@0.160.0/async/delay.ts": "0419dfc993752849692d1f9647edf13407c7facc3509b099381be99ffbc9d699",
    "https://deno.land/std@0.160.0/async/mod.ts": "dd0a8ed4f3984ffabe2fcca7c9f466b7932d57b1864ffee148a5d5388316db6b",
    "https://deno.land/std@0.160.0/async/mux_async_iterator.ts": "3447b28a2a582224a3d4d3596bccbba6e85040da3b97ed64012f7decce98d093",
    "https://deno.land/std@0.160.0/async/pool.ts": "ef9eb97b388543acbf0ac32647121e4dbe629236899586c4d4311a8770fbb239",
    "https://deno.land/std@0.160.0/async/tee.ts": "9af3a3e7612af75861308b52249e167f5ebc3dcfc8a1a4d45462d96606ee2b70",
    "https://deno.land/std@0.160.0/bytes/bytes_list.ts": "aba5e2369e77d426b10af1de0dcc4531acecec27f9b9056f4f7bfbf8ac147ab4",
    "https://deno.land/std@0.160.0/bytes/equals.ts": "3c3558c3ae85526f84510aa2b48ab2ad7bdd899e2e0f5b7a8ffc85acb3a6043a",
    "https://deno.land/std@0.160.0/bytes/mod.ts": "b2e342fd3669176a27a4e15061e9d588b89c1aaf5008ab71766e23669565d179",
    "https://deno.land/std@0.160.0/crypto/_fnv/fnv32.ts": "aa9bddead8c6345087d3abd4ef35fb9655622afc333fc41fff382b36e64280b5",
    "https://deno.land/std@0.160.0/crypto/_fnv/fnv64.ts": "625d7e7505b6cb2e9801b5fd6ed0a89256bac12b2bbb3e4664b85a88b0ec5bef",
    "https://deno.land/std@0.160.0/crypto/_fnv/index.ts": "a8f6a361b4c6d54e5e89c16098f99b6962a1dd6ad1307dbc97fa1ecac5d7060a",
    "https://deno.land/std@0.160.0/crypto/_fnv/util.ts": "4848313bed7f00f55be3cb080aa0583fc007812ba965b03e4009665bde614ce3",
    "https://deno.land/std@0.160.0/crypto/_wasm_crypto/lib/deno_std_wasm_crypto.generated.mjs": "258b484c2da27578bec61c01d4b62c21f72268d928d03c968c4eb590cb3bd830",
    "https://deno.land/std@0.160.0/crypto/_wasm_crypto/mod.ts": "6c60d332716147ded0eece0861780678d51b560f533b27db2e15c64a4ef83665",
    "https://deno.land/std@0.160.0/crypto/keystack.ts": "e481eed28007395e554a435e880fee83a5c73b9259ed8a135a75e4b1e4f381f7",
    "https://deno.land/std@0.160.0/crypto/mod.ts": "fadedc013b4a86fda6305f1adc6d1c02225834d53cff5d95cc05f62b25127517",
    "https://deno.land/std@0.160.0/crypto/timing_safe_equal.ts": "82a29b737bc8932d75d7a20c404136089d5d23629e94ba14efa98a8cc066c73e",
    "https://deno.land/std@0.160.0/datetime/formatter.ts": "7c8e6d16a0950f400aef41b9f1eb9168249869776ec520265dfda785d746589e",
    "https://deno.land/std@0.160.0/datetime/mod.ts": "ea927ca96dfb28c7b9a5eed5bdc7ac46bb9db38038c4922631895cea342fea87",
    "https://deno.land/std@0.160.0/datetime/tokenizer.ts": "7381e28f6ab51cb504c7e132be31773d73ef2f3e1e50a812736962b9df1e8c47",
    "https://deno.land/std@0.160.0/encoding/base64.ts": "c57868ca7fa2fbe919f57f88a623ad34e3d970d675bdc1ff3a9d02bba7409db2",
    "https://deno.land/std@0.160.0/encoding/base64url.ts": "a5f82a9fa703bd85a5eb8e7c1296bc6529e601ebd9642cc2b5eaa6b38fa9e05a",
    "https://deno.land/std@0.160.0/encoding/hex.ts": "4cc5324417cbb4ac9b828453d35aed45b9cc29506fad658f1f138d981ae33795",
    "https://deno.land/std@0.160.0/fmt/colors.ts": "9e36a716611dcd2e4865adea9c4bec916b5c60caad4cdcdc630d4974e6bb8bd4",
    "https://deno.land/std@0.160.0/io/buffer.ts": "fae02290f52301c4e0188670e730cd902f9307fb732d79c4aa14ebdc82497289",
    "https://deno.land/std@0.160.0/io/types.d.ts": "107e1e64834c5ba917c783f446b407d33432c5d612c4b3430df64fc2b4ecf091",
    "https://deno.land/std@0.160.0/path/_constants.ts": "df1db3ffa6dd6d1252cc9617e5d72165cd2483df90e93833e13580687b6083c3",
    "https://deno.land/std@0.160.0/path/_interface.ts": "ee3b431a336b80cf445441109d089b70d87d5e248f4f90ff906820889ecf8d09",
    "https://deno.land/std@0.160.0/path/_util.ts": "d16be2a16e1204b65f9d0dfc54a9bc472cafe5f4a190b3c8471ec2016ccd1677",
    "https://deno.land/std@0.160.0/path/common.ts": "bee563630abd2d97f99d83c96c2fa0cca7cee103e8cb4e7699ec4d5db7bd2633",
    "https://deno.land/std@0.160.0/path/glob.ts": "cb5255638de1048973c3e69e420c77dc04f75755524cb3b2e160fe9277d939ee",
    "https://deno.land/std@0.160.0/path/mod.ts": "56fec03ad0ebd61b6ab39ddb9b0ddb4c4a5c9f2f4f632e09dd37ec9ebfd722ac",
    "https://deno.land/std@0.160.0/path/posix.ts": "6b63de7097e68c8663c84ccedc0fd977656eb134432d818ecd3a4e122638ac24",
    "https://deno.land/std@0.160.0/path/separator.ts": "fe1816cb765a8068afb3e8f13ad272351c85cbc739af56dacfc7d93d710fe0f9",
    "https://deno.land/std@0.160.0/path/win32.ts": "ee8826dce087d31c5c81cd414714e677eb68febc40308de87a2ce4b40e10fb8d",
    "https://deno.land/std@0.160.0/testing/_diff.ts": "a23e7fc2b4d8daa3e158fa06856bedf5334ce2a2831e8bf9e509717f455adb2c",
    "https://deno.land/std@0.160.0/testing/_format.ts": "cd11136e1797791045e639e9f0f4640d5b4166148796cad37e6ef75f7d7f3832",
    "https://deno.land/std@0.160.0/testing/asserts.ts": "1e340c589853e82e0807629ba31a43c84ebdcdeca910c4a9705715dfdb0f5ce8",
    "https://deno.land/std@0.164.0/_util/asserts.ts": "d0844e9b62510f89ce1f9878b046f6a57bf88f208a10304aab50efcb48365272",
    "https://deno.land/std@0.164.0/_util/os.ts": "8a33345f74990e627b9dfe2de9b040004b08ea5146c7c9e8fe9a29070d193934",
    "https://deno.land/std@0.164.0/fmt/colors.ts": "9e36a716611dcd2e4865adea9c4bec916b5c60caad4cdcdc630d4974e6bb8bd4",
    "https://deno.land/std@0.164.0/path/_constants.ts": "df1db3ffa6dd6d1252cc9617e5d72165cd2483df90e93833e13580687b6083c3",
    "https://deno.land/std@0.164.0/path/_interface.ts": "ee3b431a336b80cf445441109d089b70d87d5e248f4f90ff906820889ecf8d09",
    "https://deno.land/std@0.164.0/path/_util.ts": "d16be2a16e1204b65f9d0dfc54a9bc472cafe5f4a190b3c8471ec2016ccd1677",
    "https://deno.land/std@0.164.0/path/common.ts": "bee563630abd2d97f99d83c96c2fa0cca7cee103e8cb4e7699ec4d5db7bd2633",
    "https://deno.land/std@0.164.0/path/glob.ts": "cb5255638de1048973c3e69e420c77dc04f75755524cb3b2e160fe9277d939ee",
    "https://deno.land/std@0.164.0/path/mod.ts": "56fec03ad0ebd61b6ab39ddb9b0ddb4c4a5c9f2f4f632e09dd37ec9ebfd722ac",
    "https://deno.land/std@0.164.0/path/posix.ts": "6b63de7097e68c8663c84ccedc0fd977656eb134432d818ecd3a4e122638ac24",
    "https://deno.land/std@0.164.0/path/separator.ts": "fe1816cb765a8068afb3e8f13ad272351c85cbc739af56dacfc7d93d710fe0f9",
    "https://deno.land/std@0.164.0/path/win32.ts": "7cebd2bda6657371adc00061a1d23fdd87bcdf64b4843bb148b0b24c11b40f69",
    "https://deno.land/std@0.164.0/testing/_diff.ts": "a23e7fc2b4d8daa3e158fa06856bedf5334ce2a2831e8bf9e509717f455adb2c",
    "https://deno.land/std@0.164.0/testing/_format.ts": "cd11136e1797791045e639e9f0f4640d5b4166148796cad37e6ef75f7d7f3832",
    "https://deno.land/std@0.164.0/testing/asserts.ts": "1e340c589853e82e0807629ba31a43c84ebdcdeca910c4a9705715dfdb0f5ce8",
    "https://deno.land/std@0.170.0/_util/asserts.ts": "d0844e9b62510f89ce1f9878b046f6a57bf88f208a10304aab50efcb48365272",
    "https://deno.land/std@0.170.0/_util/os.ts": "8a33345f74990e627b9dfe2de9b040004b08ea5146c7c9e8fe9a29070d193934",
    "https://deno.land/std@0.170.0/async/deferred.ts": "77d3f84255c3627f1cc88699d8472b664d7635990d5358c4351623e098e917d6",
    "https://deno.land/std@0.170.0/bytes/bytes_list.ts": "aba5e2369e77d426b10af1de0dcc4531acecec27f9b9056f4f7bfbf8ac147ab4",
    "https://deno.land/std@0.170.0/bytes/concat.ts": "97a1274e117510ffffc9499c4debb9541e408732bab2e0ca624869ae13103c10",
    "https://deno.land/std@0.170.0/bytes/copy.ts": "d14a58f188a997ee0d2ba696d0c82a42f4fb4b6705e90a4238b77d7644dae24c",
    "https://deno.land/std@0.170.0/io/buf_reader.ts": "6c0eb067040a9931be2d24de50f56e67b10e3ff69d5344575df06caddf551417",
    "https://deno.land/std@0.170.0/io/buf_writer.ts": "b1ee5325cec3386596c67b1c7510bfc7e42b2f505060fe2e9d6536cdefdbb30c",
    "https://deno.land/std@0.170.0/io/buffer.ts": "04e4d9a7bffffeddd75df7da795001871857d83f8e7772e6a3eee9d174f33d38",
    "https://deno.land/std@0.170.0/io/read_delim.ts": "6bff17d31730eeab402633ee53701ac16e7b575a343c432acf7bd61bd649fd05",
    "https://deno.land/std@0.170.0/io/read_lines.ts": "51e2841394effe1473f588de2a87d62b1c2deb63ce869115506324e228f9e67b",
    "https://deno.land/std@0.170.0/io/read_string_delim.ts": "70b20eebd853269252d4a833834a2677b711f216842709d11005ba291d822a0a",
    "https://deno.land/std@0.170.0/io/types.d.ts": "790d3a3fa6b7f298d4cfbcf8bfd9d4be595c1b1acaa3eebb3009177df98bf93c",
    "https://deno.land/std@0.170.0/path/_constants.ts": "df1db3ffa6dd6d1252cc9617e5d72165cd2483df90e93833e13580687b6083c3",
    "https://deno.land/std@0.170.0/path/_interface.ts": "ee3b431a336b80cf445441109d089b70d87d5e248f4f90ff906820889ecf8d09",
    "https://deno.land/std@0.170.0/path/_util.ts": "d16be2a16e1204b65f9d0dfc54a9bc472cafe5f4a190b3c8471ec2016ccd1677",
    "https://deno.land/std@0.170.0/path/common.ts": "bee563630abd2d97f99d83c96c2fa0cca7cee103e8cb4e7699ec4d5db7bd2633",
    "https://deno.land/std@0.170.0/path/glob.ts": "81cc6c72be002cd546c7a22d1f263f82f63f37fe0035d9726aa96fc8f6e4afa1",
    "https://deno.land/std@0.170.0/path/mod.ts": "cf7cec7ac11b7048bb66af8ae03513e66595c279c65cfa12bfc07d9599608b78",
    "https://deno.land/std@0.170.0/path/posix.ts": "b859684bc4d80edfd4cad0a82371b50c716330bed51143d6dcdbe59e6278b30c",
    "https://deno.land/std@0.170.0/path/separator.ts": "fe1816cb765a8068afb3e8f13ad272351c85cbc739af56dacfc7d93d710fe0f9",
    "https://deno.land/std@0.170.0/path/win32.ts": "7cebd2bda6657371adc00061a1d23fdd87bcdf64b4843bb148b0b24c11b40f69",
    "https://deno.land/std@0.170.0/streams/_common.ts": "a931bdab61de705bbfeda25d7bcf8e6edbba37492f90737b3c2889604313df46",
    "https://deno.land/std@0.170.0/streams/buffer.ts": "53823f5a5b417998c568ea2f4060c5eb5c368e7c0147c79b343f5e18840d465a",
    "https://deno.land/std@0.170.0/streams/byte_slice_stream.ts": "65141918827f4063e052d9937fd472fedfa1a381cdccd674065839506016b2e3",
    "https://deno.land/std@0.170.0/streams/copy.ts": "9a972a4befee3306095e9bb058a5a4d73b681df6ca088d7209f9a0736271aadc",
    "https://deno.land/std@0.170.0/streams/delimiter_stream.ts": "dfc73a5324f15a53ea654fcc8b47c321f3bef6ec4499be44902f0aed5b1eed1e",
    "https://deno.land/std@0.170.0/streams/early_zip_readable_streams.ts": "1a4e1b8b9018638e2c0fefd4d0bce3bcffa7d1673630c9c817eba0cdde794a50",
    "https://deno.land/std@0.170.0/streams/iterate_reader.ts": "26adde791b4206a8abbbd6365a8845b88aef396c1fd642066ec8e8480675e6a1",
    "https://deno.land/std@0.170.0/streams/limited_bytes_transform_stream.ts": "3b7327a39d7f2c4799c94e853f3bfe43d9434edc2074a33fec8800252052576f",
    "https://deno.land/std@0.170.0/streams/limited_transform_stream.ts": "abb275b2d52d8817edacc63e966ca9dd14eaa956b231d217c28ffd327e097c7e",
    "https://deno.land/std@0.170.0/streams/merge_readable_streams.ts": "afa207eaa42a4b7299405b0e40b4dd023bc557be07219ba5e91b9492aa54096d",
    "https://deno.land/std@0.170.0/streams/mod.ts": "b0ac529acf419de264197cac696646cefb8e441d0116525d2753453bd2cbf6e1",
    "https://deno.land/std@0.170.0/streams/read_all.ts": "52c733b63ca52af7d78326228529d7d629d5b3bb7c34c0a0261b5a6ecc209e73",
    "https://deno.land/std@0.170.0/streams/readable_stream_from_iterable.ts": "eaa03bf3b7fbffa665d3d9c30435dcce3437c67559f97eaccc58995d3efcf8cd",
    "https://deno.land/std@0.170.0/streams/readable_stream_from_reader.ts": "fa1e01839d214826a1547f108f2858d9f97b267ccf2523bf08c6db3e07ae3124",
    "https://deno.land/std@0.170.0/streams/reader_from_iterable.ts": "91ebe9cfed2422b7193e222e3479d31f7906171df4f94e0d8df35877b9d15e69",
    "https://deno.land/std@0.170.0/streams/reader_from_stream_reader.ts": "88043a2b2932443e1b5133264283ded6872bec0604d4e69235ebf73e5e9ddde3",
    "https://deno.land/std@0.170.0/streams/text_delimiter_stream.ts": "03150e093373222c51cb94b8518fb4f789990a5ffdee767a3952a599fe56226f",
    "https://deno.land/std@0.170.0/streams/text_line_stream.ts": "9c402985714fe454dad6b59df8a6de7bf13fcb7ae027f35226b0b76d90a1dc60",
    "https://deno.land/std@0.170.0/streams/to_transform_stream.ts": "f3fea34e2d338d9022079d2e756a834b4c233758ad2bcdb43ace326b06c8d36c",
    "https://deno.land/std@0.170.0/streams/writable_stream_from_writer.ts": "ae8daf9f524c449485235900746d195c4d845bb452aed679e67288a9b6848f3b",
    "https://deno.land/std@0.170.0/streams/write_all.ts": "7525aa90e34a2bb56d094403ad9c0e31e7db87a47cb556e6dc0404e6deca084c",
    "https://deno.land/std@0.170.0/streams/writer_from_stream_writer.ts": "eee7964dc30acc74a02fc52f98f3a4fd46d1382d7897859b21eeebbd0a754ec6",
    "https://deno.land/std@0.170.0/streams/zip_readable_streams.ts": "17d5e6625a60ae4268dfd1ddb9aefa3c7f048ed854d4c20d4c05b646dc0e006b",
    "https://deno.land/std@0.175.0/_util/asserts.ts": "178dfc49a464aee693a7e285567b3d0b555dc805ff490505a8aae34f9cfb1462",
    "https://deno.land/std@0.175.0/_util/os.ts": "d932f56d41e4f6a6093d56044e29ce637f8dcc43c5a90af43504a889cf1775e3",
    "https://deno.land/std@0.175.0/fmt/colors.ts": "938c5d44d889fb82eff6c358bea8baa7e85950a16c9f6dae3ec3a7a729164471",
    "https://deno.land/std@0.175.0/path/_constants.ts": "e49961f6f4f48039c0dfed3c3f93e963ca3d92791c9d478ac5b43183413136e0",
    "https://deno.land/std@0.175.0/path/_interface.ts": "6471159dfbbc357e03882c2266d21ef9afdb1e4aa771b0545e90db58a0ba314b",
    "https://deno.land/std@0.175.0/path/_util.ts": "d7abb1e0dea065f427b89156e28cdeb32b045870acdf865833ba808a73b576d0",
    "https://deno.land/std@0.175.0/path/common.ts": "ee7505ab01fd22de3963b64e46cff31f40de34f9f8de1fff6a1bd2fe79380000",
    "https://deno.land/std@0.175.0/path/glob.ts": "d479e0a695621c94d3fd7fe7abd4f9499caf32a8de13f25073451c6ef420a4e1",
    "https://deno.land/std@0.175.0/path/mod.ts": "4b83694ac500d7d31b0cdafc927080a53dc0c3027eb2895790fb155082b0d232",
    "https://deno.land/std@0.175.0/path/posix.ts": "8b7c67ac338714b30c816079303d0285dd24af6b284f7ad63da5b27372a2c94d",
    "https://deno.land/std@0.175.0/path/separator.ts": "0fb679739d0d1d7bf45b68dacfb4ec7563597a902edbaf3c59b50d5bcadd93b1",
    "https://deno.land/std@0.175.0/path/win32.ts": "d186344e5583bcbf8b18af416d13d82b35a317116e6460a5a3953508c3de5bba",
    "https://deno.land/std@0.175.0/testing/_diff.ts": "1a3c044aedf77647d6cac86b798c6417603361b66b54c53331b312caeb447aea",
    "https://deno.land/std@0.175.0/testing/_format.ts": "a69126e8a469009adf4cf2a50af889aca364c349797e63174884a52ff75cf4c7",
    "https://deno.land/std@0.175.0/testing/asserts.ts": "984ab0bfb3faeed92ffaa3a6b06536c66811185328c5dd146257c702c41b01ab",
    "https://deno.land/x/envalid@0.1.2/core.ts": "9cb1b469919af72d3ad8576f952c8b695e9b5356878d84f15db9328b7afab2d5",
    "https://deno.land/x/envalid@0.1.2/envalid.ts": "76755815e2643aacbe604e3cd76415f0f4c8cc04d7cdbae0ab05a0ebc86ceb38",
    "https://deno.land/x/envalid@0.1.2/errors.ts": "8524f99ff929abe5c9fa07c250cafb15e564d5339ae8fdfabd6d56fab9ec7e00",
    "https://deno.land/x/envalid@0.1.2/middleware.ts": "c7a88e1dce3f280471844c36080a346ac3aadc4420b3fbff92807d21f3aec1e2",
    "https://deno.land/x/envalid@0.1.2/mod.ts": "c82f8e49cf6b008478a11275bbc9c55a4f900a2010fb4d0882cfba6f914eaa1c",
    "https://deno.land/x/envalid@0.1.2/reporter.ts": "5affd2863a25cca71e7f249504f0670112e5e1742dd8a3977764e45fa5957dcc",
    "https://deno.land/x/envalid@0.1.2/types.ts": "3c8630c015922739c8e0c3638dd446bbaf627ecccfb9b21329dbd0af82c4236d",
    "https://deno.land/x/envalid@0.1.2/validators.ts": "9252d4a0a70a7c1895be7813596a562cd8b105756f7cbbd8e49caf1bf4998453",
    "https://deno.land/x/grammy@v1.11.2/bot.ts": "6e4ceacfa6febe7262bb3792f2889189e859d79f9e5835f2297f703ed230ebc9",
    "https://deno.land/x/grammy@v1.11.2/composer.ts": "1d2e164f9934466553d7f9bf9bf2fe65a1f453b7f7ce3cf57066d87382c6dac2",
    "https://deno.land/x/grammy@v1.11.2/context.ts": "7ee009503d59becd5f9bf876c0bb2bd2d5700167b8cef53153c9ce6d758a4192",
    "https://deno.land/x/grammy@v1.11.2/convenience/frameworks.deno.ts": "dfa1c824ce3c06447cc0d714210db77e87502fb45879662c36a721a603109b9f",
    "https://deno.land/x/grammy@v1.11.2/convenience/frameworks.shared.ts": "b59c24178da1fd0a126dca331dae4a04dfaed1d5604485cb9ca14a36bf0fa106",
    "https://deno.land/x/grammy@v1.11.2/convenience/keyboard.ts": "e3535432bcc35b00f991e08f8707a6ad330f9c851fd189832d163c0c39862171",
    "https://deno.land/x/grammy@v1.11.2/convenience/session.ts": "07fc0c64650d87cfe20de95c3261b9edf3ff46c65a7b86d98c3e0ce001220722",
    "https://deno.land/x/grammy@v1.11.2/convenience/webhook.ts": "805aa953f4626aff7b84fde156dff2ea3cc166d674f2d844a8ab2adad1a03589",
    "https://deno.land/x/grammy@v1.11.2/core/api.ts": "38900a5ba51d8b091b78d14b076e2124268e109aac3cf84f6f097485deb19d0d",
    "https://deno.land/x/grammy@v1.11.2/core/client.ts": "8914f13b2cb69f16104a9711e4fea0a4500edd0950736dcc3ac078ab46f7a5ab",
    "https://deno.land/x/grammy@v1.11.2/core/error.ts": "4638b2127ebe60249c78b83011d468f5e1e1a87748d32fe11a8200d9f824ad13",
    "https://deno.land/x/grammy@v1.11.2/core/payload.ts": "bed2e44fb567259ee2cab70a7734544c90fae80cb937b354ee1427d0f0883b39",
    "https://deno.land/x/grammy@v1.11.2/filter.ts": "75a175dba125a6bfd9dd4b627007d46dd3b50a4f2ba52a5f5e93ea38d86edc05",
    "https://deno.land/x/grammy@v1.11.2/mod.ts": "6d96b0c7b4c8b9448b9f9903a95a78c3379febd36b0f6485ad567d79b153c794",
    "https://deno.land/x/grammy@v1.11.2/platform.deno.ts": "f9bc3139c122d4b3ae5be494e76406042e8fb215274ff0d0e5366b7d12002401",
    "https://deno.land/x/grammy@v1.11.2/types.deno.ts": "d83e6791e555899c33e33e78af83e92c098e54890044499790ae50c0cb73ac6c",
    "https://deno.land/x/grammy@v1.11.2/types.ts": "729415590dfa188dbe924dea614dff4e976babdbabb28a307b869fc25777cdf0",
    "https://deno.land/x/grammy@v1.13.1/bot.ts": "0d964a47af531ac1ed8fa37fc5475eef29f75c36a8cb67ca2f31de1b4a72f5cd",
    "https://deno.land/x/grammy@v1.13.1/composer.ts": "1d2e164f9934466553d7f9bf9bf2fe65a1f453b7f7ce3cf57066d87382c6dac2",
    "https://deno.land/x/grammy@v1.13.1/context.ts": "93cb00858eaa52ea55e06b502780a75e0d8d93ca824918ca33101da5c847aef6",
    "https://deno.land/x/grammy@v1.13.1/convenience/frameworks.deno.ts": "b5fe4e73deb81e2b343b4a5b243f6228496b1343187e0c3da7a81a91e9ff1560",
    "https://deno.land/x/grammy@v1.13.1/convenience/frameworks.shared.ts": "916fad75fc3971c513282192025ab7261e7cde0ee815acdac751a4d67b0e0994",
    "https://deno.land/x/grammy@v1.13.1/convenience/keyboard.ts": "343aae6a90793daefa4a85741306c0c902d20fd9e235f6d7dbe075bd4464969d",
    "https://deno.land/x/grammy@v1.13.1/convenience/session.ts": "d3f782e7669faffee197c00fde78a10a6ac6e7cd1b94a5ebefe2b7ce0d43ac1a",
    "https://deno.land/x/grammy@v1.13.1/convenience/webhook.ts": "137a11f1c924dd31f5a3f8e320f5e8aa7e764efde2147aa04f58c0103cad1643",
    "https://deno.land/x/grammy@v1.13.1/core/api.ts": "cc350c07037e84f5b2b5f73bcff6ea11abe73957624a53b9521f88c26f80d9fe",
    "https://deno.land/x/grammy@v1.13.1/core/client.ts": "8914f13b2cb69f16104a9711e4fea0a4500edd0950736dcc3ac078ab46f7a5ab",
    "https://deno.land/x/grammy@v1.13.1/core/error.ts": "4638b2127ebe60249c78b83011d468f5e1e1a87748d32fe11a8200d9f824ad13",
    "https://deno.land/x/grammy@v1.13.1/core/payload.ts": "bed2e44fb567259ee2cab70a7734544c90fae80cb937b354ee1427d0f0883b39",
    "https://deno.land/x/grammy@v1.13.1/filter.ts": "8a0ded4aad4ab899d17de67164fe19fb922acaed6c269da13c666b9b10073756",
    "https://deno.land/x/grammy@v1.13.1/mod.ts": "6d96b0c7b4c8b9448b9f9903a95a78c3379febd36b0f6485ad567d79b153c794",
    "https://deno.land/x/grammy@v1.13.1/platform.deno.ts": "0bd91c858f4a46058f6ed4e89855fdb40508ede8f179155ac6ce62bf8e01f418",
    "https://deno.land/x/grammy@v1.13.1/types.deno.ts": "f73c59bd8c00507e01056ea9443d8a831351b8698a8486c928fef697fae669f4",
    "https://deno.land/x/grammy@v1.13.1/types.ts": "729415590dfa188dbe924dea614dff4e976babdbabb28a307b869fc25777cdf0",
    "https://deno.land/x/grammy_files@v1.0.4/deps.deno.ts": "ec398579e7a7f69788fc3c3ef90202bc9e031e13bfbd90ee37c88a655b6742ef",
    "https://deno.land/x/grammy_files@v1.0.4/files.ts": "c69a4cfdcf5b75f32b9de97c36e2b197fe9d60feb360b71e89dff5ae22ba1114",
    "https://deno.land/x/grammy_files@v1.0.4/mod.ts": "379c5f64594cd879653cdce715c318b3eed29ab26e071f356b9b61f9e3943bc3",
    "https://deno.land/x/grammy_files@v1.0.4/plugin.ts": "a804b76d4ceaae727b874bb6c88bd7a7b16d086992aae04e23f24e0e4fccd3ab",
    "https://deno.land/x/oak@v11.1.0/application.ts": "0a728331822b8e27727ceec48a8499657c3163fc48fd379a8a9578a75f3cdb62",
    "https://deno.land/x/oak@v11.1.0/body.ts": "78402a4936accb80372c4944384658105604352d6783de7ff1e36b8832dd93c9",
    "https://deno.land/x/oak@v11.1.0/buf_reader.ts": "7cf96aa0ac670b75098113cf88a291a68332cc45efa8a9698f064ac5b8098a0f",
    "https://deno.land/x/oak@v11.1.0/content_disposition.ts": "8b8c3cb2fba7138cd5b7f82fc3b5ea39b33db924a824b28261659db7e164621e",
    "https://deno.land/x/oak@v11.1.0/context.ts": "014d1ce40e62a7901411425541b0d5a08018968a330595bd686f8d00222a35bb",
    "https://deno.land/x/oak@v11.1.0/cookies.ts": "d9f94b99f26c6169c6982ce12323c41a548d001bfc28f464264c22dc3dbf2181",
    "https://deno.land/x/oak@v11.1.0/deps.ts": "b897b0f2bec99cd8b402b279b7f21de955d98cbd72835b6c912be5e11c26148b",
    "https://deno.land/x/oak@v11.1.0/etag.ts": "19918f5e1964e3fe6c9fe524a88ffbf9900ce1dfe4146b187b2a86256bb6b663",
    "https://deno.land/x/oak@v11.1.0/headers.ts": "f50fb05614432bda971021633129aa2e8737e0844e0f01c27a937997b4d8dd4f",
    "https://deno.land/x/oak@v11.1.0/helpers.ts": "42212afa07a560b2958359cc19577417e89d9574d6579551a0af36ff7f00cc6e",
    "https://deno.land/x/oak@v11.1.0/http_request.ts": "0831c828816fcb58a5aa8361c6865c4151f4c8b59fabcef2e2cd235bb28170c5",
    "https://deno.land/x/oak@v11.1.0/http_server_flash.ts": "e312754acad26d3d70f243d657547e697921f67f0a2179dbec41a20a3228fd79",
    "https://deno.land/x/oak@v11.1.0/http_server_native.ts": "549dffcd2db5cbb0e44ad50cf9c54956b42a10450b1ac66e1362e32a073c8c1b",
    "https://deno.land/x/oak@v11.1.0/http_server_native_request.ts": "07910ea2ed51af6c4e69addf9015cdd8d2b5c9ee03fd4993e386834a129a9eb6",
    "https://deno.land/x/oak@v11.1.0/isMediaType.ts": "62d638abcf837ece3a8f07a4b7ca59794135cb0d4b73194c7d5837efd4161005",
    "https://deno.land/x/oak@v11.1.0/keyStack.ts": "fa0d5898fb8ba34de1c9cdcf4b2e8434952dc9931671858d33560368784a22ef",
    "https://deno.land/x/oak@v11.1.0/mediaTyper.ts": "042b853fc8e9c3f6c628dd389e03ef481552bf07242efc3f8a1af042102a6105",
    "https://deno.land/x/oak@v11.1.0/middleware.ts": "de14f045a2ddfe845d89b5d3140ff52cbcc6f3b3965391106ce04480f9786737",
    "https://deno.land/x/oak@v11.1.0/middleware/proxy.ts": "b927232f97ec18af4185d7912e45b1191e3ffe24a9c875262ad524211b1274c9",
    "https://deno.land/x/oak@v11.1.0/mod.ts": "de52855c8f626e30ba683fb265c0a0773ba2f5f117b3549b7d9c857edba58338",
    "https://deno.land/x/oak@v11.1.0/multipart.ts": "98fe9f226de8c26a16d067027b69fb1e34ad8c4055767dd157907d06cea36f9a",
    "https://deno.land/x/oak@v11.1.0/range.ts": "68a6df7ab3b868843e33f52deb94c3d4cab25cb9ef369691990c2ac15b04fafb",
    "https://deno.land/x/oak@v11.1.0/request.ts": "5852ad36389b48e0428a6f3c90854d01f10d1b15949b56001e1e75c2a00ef0f9",
    "https://deno.land/x/oak@v11.1.0/response.ts": "867d81f7eb0c65c7b8e0e0e9e145ededd5b6daa9ad922e6adc6a36a525f439a6",
    "https://deno.land/x/oak@v11.1.0/router.ts": "187522a549f6c179ff01d321882a8bfacbfb7f3e24b004ec4534a3613c7f9b0e",
    "https://deno.land/x/oak@v11.1.0/send.ts": "7ef2591792426d62add91536bb434566d4b224247ca343fdd63e486f9d4e9446",
    "https://deno.land/x/oak@v11.1.0/server_sent_event.ts": "948b0fe4cb3fe38c7db15e476eb3b7671ef20e566d130e9f701d7c0146aa47dd",
    "https://deno.land/x/oak@v11.1.0/structured_clone.ts": "ecf42598652b8082f37252cb873d6e257ad728e6fe73c6bd61f343d94501fbde",
    "https://deno.land/x/oak@v11.1.0/testing.ts": "7612656efd2975f7a2e6848609f5971922dbec46b76372c5c623202fdd7b9a85",
    "https://deno.land/x/oak@v11.1.0/types.d.ts": "41951a18c3bfdb11e40707cab75da078ba8a4907cd7d4e11d8536bc2db0dde05",
    "https://deno.land/x/oak@v11.1.0/util.ts": "3af8c4ed04c6cc2bedbe66e562a77fc59c72df31c55a902a63885861ca1639d6",
    "https://deno.land/x/path_to_regexp@v6.2.1/index.ts": "894060567837bae8fc9c5cbd4d0a05e9024672083d5883b525c031eea940e556",
    "https://deno.land/x/postgres@v0.17.0/client.ts": "348779c9f6a1c75ef1336db662faf08dce7d2101ff72f0d1e341ba1505c8431d",
    "https://deno.land/x/postgres@v0.17.0/client/error.ts": "0817583b666fd546664ed52c1d37beccc5a9eebcc6e3c2ead20ada99b681e5f7",
    "https://deno.land/x/postgres@v0.17.0/connection/auth.ts": "1070125e2ac4ca4ade36d69a4222d37001903092826d313217987583edd61ce9",
    "https://deno.land/x/postgres@v0.17.0/connection/connection.ts": "428ed3efa055870db505092b5d3545ef743497b7b4b72cf8f0593e7dd4788acd",
    "https://deno.land/x/postgres@v0.17.0/connection/connection_params.ts": "52bfe90e8860f584b95b1b08c254dde97c3aa763c4b6bee0c80c5930e35459e0",
    "https://deno.land/x/postgres@v0.17.0/connection/message.ts": "f9257948b7f87d58bfbfe3fc6e2e08f0de3ef885655904d56a5f73655cc22c5a",
    "https://deno.land/x/postgres@v0.17.0/connection/message_code.ts": "466719008b298770c366c5c63f6cf8285b7f76514dadb4b11e7d9756a8a1ddbf",
    "https://deno.land/x/postgres@v0.17.0/connection/packet.ts": "050aeff1fc13c9349e89451a155ffcd0b1343dc313a51f84439e3e45f64b56c8",
    "https://deno.land/x/postgres@v0.17.0/connection/scram.ts": "0c7a2551fe7b1a1c62dd856b7714731a7e7534ccca10093336782d1bfc5b2bd2",
    "https://deno.land/x/postgres@v0.17.0/deps.ts": "f47ccb41f7f97eaad455d94f407ef97146ae99443dbe782894422c869fbba69e",
    "https://deno.land/x/postgres@v0.17.0/mod.ts": "a1e18fd9e6fedc8bc24e5aeec3ae6de45e2274be1411fb66e9081420c5e81d7d",
    "https://deno.land/x/postgres@v0.17.0/pool.ts": "892db7b5e1787988babecc994a151ebbd7d017f080905cbe9c3d7b44a73032a9",
    "https://deno.land/x/postgres@v0.17.0/query/array_parser.ts": "f8a229d82c3801de8266fa2cc4afe12e94fef8d0c479e73655c86ed3667ef33f",
    "https://deno.land/x/postgres@v0.17.0/query/decode.ts": "44a4a6cbcf494ed91a4fecae38a57dce63a7b519166f02c702791d9717371419",
    "https://deno.land/x/postgres@v0.17.0/query/decoders.ts": "16cb0e60227d86692931e315421b15768c78526e3aeb84e25fcc4111096de9fd",
    "https://deno.land/x/postgres@v0.17.0/query/encode.ts": "5f1418a2932b7c2231556e4a5f5f56efef48728014070cfafe7656963f342933",
    "https://deno.land/x/postgres@v0.17.0/query/oid.ts": "8c33e1325f34e4ca9f11a48b8066c8cfcace5f64bc1eb17ad7247af4936999e1",
    "https://deno.land/x/postgres@v0.17.0/query/query.ts": "edb473cbcfeff2ee1c631272afb25d079d06b66b5853f42492725b03ffa742b6",
    "https://deno.land/x/postgres@v0.17.0/query/transaction.ts": "8e75c3ce0aca97da7fe126e68f8e6c08d640e5c8d2016e62cee5c254bebe7fe8",
    "https://deno.land/x/postgres@v0.17.0/query/types.ts": "a6dc8024867fe7ccb0ba4b4fa403ee5d474c7742174128c8e689c3b5e5eaa933",
    "https://deno.land/x/postgres@v0.17.0/utils/deferred.ts": "dd94f2a57355355c47812b061a51b55263f72d24e9cb3fdb474c7519f4d61083",
    "https://deno.land/x/postgres@v0.17.0/utils/utils.ts": "19c3527ddd5c6c4c49ae36397120274c7f41f9d3cbf479cb36065d23329e9f90",
    "https://esm.sh/@grammyjs/types@2.0.0": "0d65c296e1f1f9bc7cdd96916478f18a4415fb60d08483b7d02380b9a3c46553",
    "https://esm.sh/@grammyjs/types@2.11.0": "233cec174e6cf9b1f44834973f282b0158f7396bb9f2550df1b9360ec41b1c07",
    "https://esm.sh/@grammyjs/types@2.9.1": "fbc8342111a4319c56f1fa23562b7ca1683954ee5e9b9287fa10bec337c9f48b",
    "https://esm.sh/@octokit/webhooks-methods@3.0.2": "a91dd1c5ba072936857550a46336042bbec1a1137a9feef7adab2a6b5921e97f",
    "https://esm.sh/v103/@grammyjs/types@2.11.0/api.d.ts": "efc90a31eb6f59ae5e7a4cf5838f46529e2fa6fa7e97a51a82dbd28afad21592",
    "https://esm.sh/v103/@grammyjs/types@2.11.0/deno/types.js": "6248abe4ced93405b5940a318b0bf528a170511b79aa910608f78ab5635c618c",
    "https://esm.sh/v103/@grammyjs/types@2.11.0/index.d.ts": "1c60004dec6270d9badd5ed195dbd6d4ddd00fa701acfeea922ed9f4861576a4",
    "https://esm.sh/v103/@grammyjs/types@2.11.0/inline.d.ts": "573b2790679c5c0910847a60064ae85c6f6007bfa139e3f611dd917f9c54399b",
    "https://esm.sh/v103/@grammyjs/types@2.11.0/manage.d.ts": "edc977884c514c92269f3b77ba29ac779488e0c2c067c5feab4c1f4c73e7b10a",
    "https://esm.sh/v103/@grammyjs/types@2.11.0/markup.d.ts": "6e93aa3248bbe33ff0816a0d243e8ed8623f8ba464dddece83b1e52372c43713",
    "https://esm.sh/v103/@grammyjs/types@2.11.0/menu-button.d.ts": "096e03dadaf3af415c48c14cb91380769df01dcccbb0931575bf5f15a5df5cd7",
    "https://esm.sh/v103/@grammyjs/types@2.11.0/message.d.ts": "d4c4e4fee7f12d9b0900141a9f6cbd64fd7411669a1ec7aecb403a6ae213092b",
    "https://esm.sh/v103/@grammyjs/types@2.11.0/passport.d.ts": "e3fb63aec96510bcc317ef48fd25b435444b8f407502d7568c00fce15f2958fd",
    "https://esm.sh/v103/@grammyjs/types@2.11.0/payment.d.ts": "410c384a26d24252219713adeb0c360d5d038102ab9d1a6e9aad20b603830d0c",
    "https://esm.sh/v103/@grammyjs/types@2.11.0/proxied.d.ts": "b0f1cecbe9f872bb30cd3047ceb1b832851da67967aa2413912524aa3ea557b5",
    "https://esm.sh/v103/@grammyjs/types@2.11.0/update.d.ts": "cbf3c6984a4783ea3a5c193334aa76953988dd25a60b69544f547a71b362199d",
    "https://esm.sh/v106/@grammyjs/types@2.0.0/api.d.ts": "12e5af23059d8c09ebd7ca16606e190b41ab106bc686405fad67a7a7b9803033",
    "https://esm.sh/v106/@grammyjs/types@2.0.0/callback.d.ts": "5f346b5271336d214fc55a9478e54ca810826937853f6b53468be55db809e4cb",
    "https://esm.sh/v106/@grammyjs/types@2.0.0/deno/types.js": "0d55322029830fba35fa9b3cda7b1d086f02ee02751a8131b86df29e7e5b06c3",
    "https://esm.sh/v106/@grammyjs/types@2.0.0/index.d.ts": "9bdbddce52c91f61c478681eda997525cb028c561bb94ead0f799f4aafb49fc6",
    "https://esm.sh/v106/@grammyjs/types@2.0.0/inline.d.ts": "25e339366095110a2e8bfe1f2dce10686cab11616218dbb1778c9486e7269e13",
    "https://esm.sh/v106/@grammyjs/types@2.0.0/manage.d.ts": "4924e0e025e6ab4f328689c9d6797de873837038b25795380141353352da7ac7",
    "https://esm.sh/v106/@grammyjs/types@2.0.0/message.d.ts": "d92eac81fd59a27e4aeb11f5cae21f1d65b439860008e0969ca0d4d44c59b05c",
    "https://esm.sh/v106/@grammyjs/types@2.0.0/passport.d.ts": "4b86002c13bff1738fab5d474ebada9805573d7517c45c8a0785e27fb7fc3940",
    "https://esm.sh/v106/@grammyjs/types@2.0.0/payment.d.ts": "163170c512d0f7bdd56dc6eb021c172fffcddb8e2742318e6f3973a27962e2d0",
    "https://esm.sh/v106/@grammyjs/types@2.0.0/proxied.d.ts": "e0f285d2fd23ea053838a776f4393af55e875df0f6582c618bd67dfa44f8a5d6",
    "https://esm.sh/v106/@grammyjs/types@2.0.0/update.d.ts": "c717d642b86de2ea34a50b1d460c39638611358cd83cd4e7989a95a31a655eb3",
    "https://esm.sh/v106/@octokit/webhooks-methods@3.0.2/deno/webhooks-methods.js": "90498d9345b3238ebbffb6fcc9a89ef4a96e0de6f5f271e63693b3680cc8725e",
    "https://esm.sh/v106/@octokit/webhooks-methods@3.0.2/dist-types/index.d.ts": "d3bbf0f5c467c43c39da2e5dd06c2fec1b44ebd0a1ec7ad38388cb2f2e3caf23",
    "https://esm.sh/v106/@octokit/webhooks-methods@3.0.2/dist-types/node/sign.d.ts": "199bd503c34543807ca0717977425e9bf1d4cda73a2b9ccc8c07677f637b1884",
    "https://esm.sh/v106/@octokit/webhooks-methods@3.0.2/dist-types/node/verify.d.ts": "fd51b678a2fe651042b26d4a32cfecc0269ce1a3a776ea317cc0f5ebc45c6a44",
    "https://esm.sh/v106/@octokit/webhooks-methods@3.0.2/dist-types/types.d.ts": "0dc6050d0b07c5fa6972ef95f25067a7b4fa6650935ecdec6fbae6d71a905c36",
    "https://esm.sh/v96/@grammyjs/types@2.9.1/api.d.ts": "efc90a31eb6f59ae5e7a4cf5838f46529e2fa6fa7e97a51a82dbd28afad21592",
    "https://esm.sh/v96/@grammyjs/types@2.9.1/deno/types.js": "b0209bb74836a8e8c5ed43a9ad6268d2da27e96ebe527f68470801e25637fbbe",
    "https://esm.sh/v96/@grammyjs/types@2.9.1/index.d.ts": "1c60004dec6270d9badd5ed195dbd6d4ddd00fa701acfeea922ed9f4861576a4",
    "https://esm.sh/v96/@grammyjs/types@2.9.1/inline.d.ts": "573b2790679c5c0910847a60064ae85c6f6007bfa139e3f611dd917f9c54399b",
    "https://esm.sh/v96/@grammyjs/types@2.9.1/manage.d.ts": "495fcc3a6268b61b2fffaa81f190e2a84ccc1135f98bc912335e6caea0771592",
    "https://esm.sh/v96/@grammyjs/types@2.9.1/markup.d.ts": "a70b21cd9e7a6708c0f3697b067e0b97cec864a960883e0c3e9dd16c18ee0d5e",
    "https://esm.sh/v96/@grammyjs/types@2.9.1/menu-button.d.ts": "096e03dadaf3af415c48c14cb91380769df01dcccbb0931575bf5f15a5df5cd7",
    "https://esm.sh/v96/@grammyjs/types@2.9.1/message.d.ts": "0976aa4c904750be0f2c7aa157f1749f821158f68f32bd17d8c5c158a1f7250d",
    "https://esm.sh/v96/@grammyjs/types@2.9.1/passport.d.ts": "e3fb63aec96510bcc317ef48fd25b435444b8f407502d7568c00fce15f2958fd",
    "https://esm.sh/v96/@grammyjs/types@2.9.1/payment.d.ts": "410c384a26d24252219713adeb0c360d5d038102ab9d1a6e9aad20b603830d0c",
    "https://esm.sh/v96/@grammyjs/types@2.9.1/proxied.d.ts": "6e3d830b3ed508d7682e72cb1cee5e941e698531894dbd69194666d7398feb45",
    "https://esm.sh/v96/@grammyjs/types@2.9.1/update.d.ts": "caf8e01cc0857bde5a787243bc307d3e621f86242dd4058f5e20b156f61c083d",
    "https://raw.githubusercontent.com/octokit/webhooks-methods.js/v2.0.0/src/web.ts": "08d8711069debc7cd2d26bcb91adbd9a59e6373cfc449aee54ffc75e62e8fb95"
  }
}