{
  "name": "grammydocsbot",
  "version": "1.0.0",
  "lockfileVersion": 2,
  "requires": true,
  "packages": {
    "": {
      "version": "1.0.0",
      "license": "MIT",
      "dependencies": {
        "algoliasearch": "^4.9.1",
        "grammy": "^1.1.6"
      },
      "devDependencies": {
        "@types/node": "^15.6.1",
        "typescript": "^4.3.2"
      }
    },
    "node_modules/@algolia/cache-browser-local-storage": {
      "version": "4.9.1",
      "resolved": "https://registry.npmjs.org/@algolia/cache-browser-local-storage/-/cache-browser-local-storage-4.9.1.tgz",
      "integrity": "sha512-bAUU9vKCy45uTTlzJw0LYu1IjoZsmzL6lgjaVFaW1crhX/4P+JD5ReQv3n/wpiXSFaHq1WEO3WyH2g3ymzeipQ==",
      "dependencies": {
        "@algolia/cache-common": "4.9.1"
      }
    },
    "node_modules/@algolia/cache-common": {
      "version": "4.9.1",
      "resolved": "https://registry.npmjs.org/@algolia/cache-common/-/cache-common-4.9.1.tgz",
      "integrity": "sha512-tcvw4mOfFy44V4ZxDEy9wNGr6vFROZKRpXKTEBgdw/WBn6mX51H1ar4RWtceDEcDU4H5fIv5tsY3ip2hU+fTPg=="
    },
    "node_modules/@algolia/cache-in-memory": {
      "version": "4.9.1",
      "resolved": "https://registry.npmjs.org/@algolia/cache-in-memory/-/cache-in-memory-4.9.1.tgz",
      "integrity": "sha512-IEJrHonvdymW2CnRfJtsTVWyfAH05xPEFkGXGCw00+6JNCj8Dln3TeaRLiaaY1srlyGedkemekQm1/Xb46CGOQ==",
      "dependencies": {
        "@algolia/cache-common": "4.9.1"
      }
    },
    "node_modules/@algolia/client-account": {
      "version": "4.9.1",
      "resolved": "https://registry.npmjs.org/@algolia/client-account/-/client-account-4.9.1.tgz",
      "integrity": "sha512-Shpjeuwb7i2LR5QuWREb6UbEQLGB+Pl/J5+wPgILJDP/uWp7jpl0ase9mYNQGKj7TjztpSpQCPZ3dSHPnzZPfw==",
      "dependencies": {
        "@algolia/client-common": "4.9.1",
        "@algolia/client-search": "4.9.1",
        "@algolia/transporter": "4.9.1"
      }
    },
    "node_modules/@algolia/client-analytics": {
      "version": "4.9.1",
      "resolved": "https://registry.npmjs.org/@algolia/client-analytics/-/client-analytics-4.9.1.tgz",
      "integrity": "sha512-/g6OkOSIA+A0t/tjvbL6iG/zV4El4LPFgv/tcAYHTH27BmlNtnEXw+iFpGjeUlQoPily9WVB3QNLMJkaNwL3HA==",
      "dependencies": {
        "@algolia/client-common": "4.9.1",
        "@algolia/client-search": "4.9.1",
        "@algolia/requester-common": "4.9.1",
        "@algolia/transporter": "4.9.1"
      }
    },
    "node_modules/@algolia/client-common": {
      "version": "4.9.1",
      "resolved": "https://registry.npmjs.org/@algolia/client-common/-/client-common-4.9.1.tgz",
      "integrity": "sha512-UziRTZ8km3qwoVPIyEre8TV6V+MX7UtbfVqPmSafZ0xu41UUZ+sL56YoKjOXkbKuybeIC9prXMGy/ID5bXkTqg==",
      "dependencies": {
        "@algolia/requester-common": "4.9.1",
        "@algolia/transporter": "4.9.1"
      }
    },
    "node_modules/@algolia/client-recommendation": {
      "version": "4.9.1",
      "resolved": "https://registry.npmjs.org/@algolia/client-recommendation/-/client-recommendation-4.9.1.tgz",
      "integrity": "sha512-Drtvvm1PNIOpYf4HFlkPFstFQ3IsN+TRmxur2F7y6Faplb5ybISa8ithu1tmlTdyTf3A78hQUQjgJet6qD2XZw==",
      "dependencies": {
        "@algolia/client-common": "4.9.1",
        "@algolia/requester-common": "4.9.1",
        "@algolia/transporter": "4.9.1"
      }
    },
    "node_modules/@algolia/client-search": {
      "version": "4.9.1",
      "resolved": "https://registry.npmjs.org/@algolia/client-search/-/client-search-4.9.1.tgz",
      "integrity": "sha512-r9Cw2r8kJr45iYncFDht6EshARghU265wuY8Q8oHrpFHjAziEYdsUOdNmQKbsSH5J3gLjDPx1EI5DzVd6ivn3w==",
      "dependencies": {
        "@algolia/client-common": "4.9.1",
        "@algolia/requester-common": "4.9.1",
        "@algolia/transporter": "4.9.1"
      }
    },
    "node_modules/@algolia/logger-common": {
      "version": "4.9.1",
      "resolved": "https://registry.npmjs.org/@algolia/logger-common/-/logger-common-4.9.1.tgz",
      "integrity": "sha512-9mPrbFlFyPT7or/7PXTiJjyOewWB9QRkZKVXkt5zHAUiUzGxmmdpJIGpPv3YQnDur8lXrXaRI0MHXUuIDMY1ng=="
    },
    "node_modules/@algolia/logger-console": {
      "version": "4.9.1",
      "resolved": "https://registry.npmjs.org/@algolia/logger-console/-/logger-console-4.9.1.tgz",
      "integrity": "sha512-74VUwjtFjFpjZpi3QoHIPv0kcr3vWUSHX/Vs8PJW3lPsD4CgyhFenQbG9v+ZnyH0JrJwiYTtzfmrVh7IMWZGrQ==",
      "dependencies": {
        "@algolia/logger-common": "4.9.1"
      }
    },
    "node_modules/@algolia/requester-browser-xhr": {
      "version": "4.9.1",
      "resolved": "https://registry.npmjs.org/@algolia/requester-browser-xhr/-/requester-browser-xhr-4.9.1.tgz",
      "integrity": "sha512-zc46tk5o0ikOAz3uYiRAMxC2iVKAMFKT7nNZnLB5IzT0uqAh7pz/+D/UvIxP4bKmsllpBSnPcpfQF+OI4Ag/BA==",
      "dependencies": {
        "@algolia/requester-common": "4.9.1"
      }
    },
    "node_modules/@algolia/requester-common": {
      "version": "4.9.1",
      "resolved": "https://registry.npmjs.org/@algolia/requester-common/-/requester-common-4.9.1.tgz",
      "integrity": "sha512-9hPgXnlCSbqJqF69M5x5WN3h51Dc+mk/iWNeJSVxExHGvCDfBBZd0v6S15i8q2a9cD1I2RnhMpbnX5BmGtabVA=="
    },
    "node_modules/@algolia/requester-node-http": {
      "version": "4.9.1",
      "resolved": "https://registry.npmjs.org/@algolia/requester-node-http/-/requester-node-http-4.9.1.tgz",
      "integrity": "sha512-vYNVbSCuyrCSCjHBQJk+tLZtWCjvvDf5tSbRJjyJYMqpnXuIuP7gZm24iHil4NPYBhbBj5NU2ZDAhc/gTn75Ag==",
      "dependencies": {
        "@algolia/requester-common": "4.9.1"
      }
    },
    "node_modules/@algolia/transporter": {
      "version": "4.9.1",
      "resolved": "https://registry.npmjs.org/@algolia/transporter/-/transporter-4.9.1.tgz",
      "integrity": "sha512-AbjFfGzX+cAuj7Qyc536OxIQzjFOA5FU2ANGStx8LBH+AKXScwfkx67C05riuaRR5adSCLMSEbVvUscH0nF+6A==",
      "dependencies": {
        "@algolia/cache-common": "4.9.1",
        "@algolia/logger-common": "4.9.1",
        "@algolia/requester-common": "4.9.1"
      }
    },
    "node_modules/@grammyjs/types": {
      "version": "2.1.3",
      "resolved": "https://registry.npmjs.org/@grammyjs/types/-/types-2.1.3.tgz",
      "integrity": "sha512-AYvNEOb+CuqKVcpHSPgFGv8AocwahxcPmPRL6QW0tW6/vWNvyLSutb+2Han1qj+GO67cqKzWQzDtOuknCdewsQ=="
    },
    "node_modules/@types/node": {
      "version": "15.6.1",
      "resolved": "https://registry.npmjs.org/@types/node/-/node-15.6.1.tgz",
      "integrity": "sha512-7EIraBEyRHEe7CH+Fm1XvgqU6uwZN8Q7jppJGcqjROMT29qhAuuOxYB1uEY5UMYQKEmA5D+5tBnhdaPXSsLONA==",
      "dev": true
    },
    "node_modules/abort-controller": {
      "version": "3.0.0",
      "resolved": "https://registry.npmjs.org/abort-controller/-/abort-controller-3.0.0.tgz",
      "integrity": "sha512-h8lQ8tacZYnR3vNQTgibj+tODHI5/+l06Au2Pcriv/Gmet0eaj4TwWH41sO9wnHDiQsEj19q0drzdWdeAHtweg==",
      "dependencies": {
        "event-target-shim": "^5.0.0"
      },
      "engines": {
        "node": ">=6.5"
      }
    },
    "node_modules/algoliasearch": {
      "version": "4.9.1",
      "resolved": "https://registry.npmjs.org/algoliasearch/-/algoliasearch-4.9.1.tgz",
      "integrity": "sha512-EeJUYXzBEhZSsL6tXc3hseLBCtlNLa1MZ4mlMK6EeX38yRjY5vgnFcNNml6uUhlOjvheKxgkKRpPWkxgL8Cqkg==",
      "dependencies": {
        "@algolia/cache-browser-local-storage": "4.9.1",
        "@algolia/cache-common": "4.9.1",
        "@algolia/cache-in-memory": "4.9.1",
        "@algolia/client-account": "4.9.1",
        "@algolia/client-analytics": "4.9.1",
        "@algolia/client-common": "4.9.1",
        "@algolia/client-recommendation": "4.9.1",
        "@algolia/client-search": "4.9.1",
        "@algolia/logger-common": "4.9.1",
        "@algolia/logger-console": "4.9.1",
        "@algolia/requester-browser-xhr": "4.9.1",
        "@algolia/requester-common": "4.9.1",
        "@algolia/requester-node-http": "4.9.1",
        "@algolia/transporter": "4.9.1"
      }
    },
    "node_modules/debug": {
      "version": "4.3.1",
      "resolved": "https://registry.npmjs.org/debug/-/debug-4.3.1.tgz",
      "integrity": "sha512-doEwdvm4PCeK4K3RQN2ZC2BYUBaxwLARCqZmMjtF8a51J2Rb0xpVloFRnCODwqjpwnAoao4pelN8l3RJdv3gRQ==",
      "dependencies": {
        "ms": "2.1.2"
      },
      "engines": {
        "node": ">=6.0"
      },
      "peerDependenciesMeta": {
        "supports-color": {
          "optional": true
        }
      }
    },
    "node_modules/event-target-shim": {
      "version": "5.0.1",
      "resolved": "https://registry.npmjs.org/event-target-shim/-/event-target-shim-5.0.1.tgz",
      "integrity": "sha512-i/2XbnSz/uxRCU6+NdVJgKWDTM427+MqYbkQzD321DuCQJUqOuJKIA0IM2+W2xtYHdKOmZ4dR6fExsd4SXL+WQ==",
      "engines": {
        "node": ">=6"
      }
    },
    "node_modules/grammy": {
      "version": "1.1.6",
      "resolved": "https://registry.npmjs.org/grammy/-/grammy-1.1.6.tgz",
      "integrity": "sha512-BTEPw57OKltt1L0TnU6ADjei3TUbDFFzSa1Pbkoe9GmXvDtY/ixe6ZrnDATgBesi52OA7wkbErjhoqZWj/AXaw==",
      "dependencies": {
        "@grammyjs/types": "^2.1.3",
        "abort-controller": "^3.0.0",
        "debug": "^4.3.1",
        "node-fetch": "^2.6.1"
      },
      "engines": {
        "node": "^12.20.0 || >=14.13.1"
      }
    },
    "node_modules/ms": {
      "version": "2.1.2",
      "resolved": "https://registry.npmjs.org/ms/-/ms-2.1.2.tgz",
      "integrity": "sha512-sGkPx+VjMtmA6MX27oA4FBFELFCZZ4S4XqeGOXCv68tT+jb3vk/RyaKWP0PTKyWtmLSM0b+adUTEvbs1PEaH2w=="
    },
    "node_modules/node-fetch": {
      "version": "2.6.1",
      "resolved": "https://registry.npmjs.org/node-fetch/-/node-fetch-2.6.1.tgz",
      "integrity": "sha512-V4aYg89jEoVRxRb2fJdAg8FHvI7cEyYdVAh94HH0UIK8oJxUfkjlDQN9RbMx+bEjP7+ggMiFRprSti032Oipxw==",
      "engines": {
        "node": "4.x || >=6.0.0"
      }
    },
    "node_modules/typescript": {
      "version": "4.3.2",
      "resolved": "https://registry.npmjs.org/typescript/-/typescript-4.3.2.tgz",
      "integrity": "sha512-zZ4hShnmnoVnAHpVHWpTcxdv7dWP60S2FsydQLV8V5PbS3FifjWFFRiHSWpDJahly88PRyV5teTSLoq4eG7mKw==",
      "dev": true,
      "bin": {
        "tsc": "bin/tsc",
        "tsserver": "bin/tsserver"
      },
      "engines": {
        "node": ">=4.2.0"
      }
    }
  },
  "dependencies": {
    "@algolia/cache-browser-local-storage": {
      "version": "4.9.1",
      "resolved": "https://registry.npmjs.org/@algolia/cache-browser-local-storage/-/cache-browser-local-storage-4.9.1.tgz",
      "integrity": "sha512-bAUU9vKCy45uTTlzJw0LYu1IjoZsmzL6lgjaVFaW1crhX/4P+JD5ReQv3n/wpiXSFaHq1WEO3WyH2g3ymzeipQ==",
      "requires": {
        "@algolia/cache-common": "4.9.1"
      }
    },
    "@algolia/cache-common": {
      "version": "4.9.1",
      "resolved": "https://registry.npmjs.org/@algolia/cache-common/-/cache-common-4.9.1.tgz",
      "integrity": "sha512-tcvw4mOfFy44V4ZxDEy9wNGr6vFROZKRpXKTEBgdw/WBn6mX51H1ar4RWtceDEcDU4H5fIv5tsY3ip2hU+fTPg=="
    },
    "@algolia/cache-in-memory": {
      "version": "4.9.1",
      "resolved": "https://registry.npmjs.org/@algolia/cache-in-memory/-/cache-in-memory-4.9.1.tgz",
      "integrity": "sha512-IEJrHonvdymW2CnRfJtsTVWyfAH05xPEFkGXGCw00+6JNCj8Dln3TeaRLiaaY1srlyGedkemekQm1/Xb46CGOQ==",
      "requires": {
        "@algolia/cache-common": "4.9.1"
      }
    },
    "@algolia/client-account": {
      "version": "4.9.1",
      "resolved": "https://registry.npmjs.org/@algolia/client-account/-/client-account-4.9.1.tgz",
      "integrity": "sha512-Shpjeuwb7i2LR5QuWREb6UbEQLGB+Pl/J5+wPgILJDP/uWp7jpl0ase9mYNQGKj7TjztpSpQCPZ3dSHPnzZPfw==",
      "requires": {
        "@algolia/client-common": "4.9.1",
        "@algolia/client-search": "4.9.1",
        "@algolia/transporter": "4.9.1"
      }
    },
    "@algolia/client-analytics": {
      "version": "4.9.1",
      "resolved": "https://registry.npmjs.org/@algolia/client-analytics/-/client-analytics-4.9.1.tgz",
      "integrity": "sha512-/g6OkOSIA+A0t/tjvbL6iG/zV4El4LPFgv/tcAYHTH27BmlNtnEXw+iFpGjeUlQoPily9WVB3QNLMJkaNwL3HA==",
      "requires": {
        "@algolia/client-common": "4.9.1",
        "@algolia/client-search": "4.9.1",
        "@algolia/requester-common": "4.9.1",
        "@algolia/transporter": "4.9.1"
      }
    },
    "@algolia/client-common": {
      "version": "4.9.1",
      "resolved": "https://registry.npmjs.org/@algolia/client-common/-/client-common-4.9.1.tgz",
      "integrity": "sha512-UziRTZ8km3qwoVPIyEre8TV6V+MX7UtbfVqPmSafZ0xu41UUZ+sL56YoKjOXkbKuybeIC9prXMGy/ID5bXkTqg==",
      "requires": {
        "@algolia/requester-common": "4.9.1",
        "@algolia/transporter": "4.9.1"
      }
    },
    "@algolia/client-recommendation": {
      "version": "4.9.1",
      "resolved": "https://registry.npmjs.org/@algolia/client-recommendation/-/client-recommendation-4.9.1.tgz",
      "integrity": "sha512-Drtvvm1PNIOpYf4HFlkPFstFQ3IsN+TRmxur2F7y6Faplb5ybISa8ithu1tmlTdyTf3A78hQUQjgJet6qD2XZw==",
      "requires": {
        "@algolia/client-common": "4.9.1",
        "@algolia/requester-common": "4.9.1",
        "@algolia/transporter": "4.9.1"
      }
    },
    "@algolia/client-search": {
      "version": "4.9.1",
      "resolved": "https://registry.npmjs.org/@algolia/client-search/-/client-search-4.9.1.tgz",
      "integrity": "sha512-r9Cw2r8kJr45iYncFDht6EshARghU265wuY8Q8oHrpFHjAziEYdsUOdNmQKbsSH5J3gLjDPx1EI5DzVd6ivn3w==",
      "requires": {
        "@algolia/client-common": "4.9.1",
        "@algolia/requester-common": "4.9.1",
        "@algolia/transporter": "4.9.1"
      }
    },
    "@algolia/logger-common": {
      "version": "4.9.1",
      "resolved": "https://registry.npmjs.org/@algolia/logger-common/-/logger-common-4.9.1.tgz",
      "integrity": "sha512-9mPrbFlFyPT7or/7PXTiJjyOewWB9QRkZKVXkt5zHAUiUzGxmmdpJIGpPv3YQnDur8lXrXaRI0MHXUuIDMY1ng=="
    },
    "@algolia/logger-console": {
      "version": "4.9.1",
      "resolved": "https://registry.npmjs.org/@algolia/logger-console/-/logger-console-4.9.1.tgz",
      "integrity": "sha512-74VUwjtFjFpjZpi3QoHIPv0kcr3vWUSHX/Vs8PJW3lPsD4CgyhFenQbG9v+ZnyH0JrJwiYTtzfmrVh7IMWZGrQ==",
      "requires": {
        "@algolia/logger-common": "4.9.1"
      }
    },
    "@algolia/requester-browser-xhr": {
      "version": "4.9.1",
      "resolved": "https://registry.npmjs.org/@algolia/requester-browser-xhr/-/requester-browser-xhr-4.9.1.tgz",
      "integrity": "sha512-zc46tk5o0ikOAz3uYiRAMxC2iVKAMFKT7nNZnLB5IzT0uqAh7pz/+D/UvIxP4bKmsllpBSnPcpfQF+OI4Ag/BA==",
      "requires": {
        "@algolia/requester-common": "4.9.1"
      }
    },
    "@algolia/requester-common": {
      "version": "4.9.1",
      "resolved": "https://registry.npmjs.org/@algolia/requester-common/-/requester-common-4.9.1.tgz",
      "integrity": "sha512-9hPgXnlCSbqJqF69M5x5WN3h51Dc+mk/iWNeJSVxExHGvCDfBBZd0v6S15i8q2a9cD1I2RnhMpbnX5BmGtabVA=="
    },
    "@algolia/requester-node-http": {
      "version": "4.9.1",
      "resolved": "https://registry.npmjs.org/@algolia/requester-node-http/-/requester-node-http-4.9.1.tgz",
      "integrity": "sha512-vYNVbSCuyrCSCjHBQJk+tLZtWCjvvDf5tSbRJjyJYMqpnXuIuP7gZm24iHil4NPYBhbBj5NU2ZDAhc/gTn75Ag==",
      "requires": {
        "@algolia/requester-common": "4.9.1"
      }
    },
    "@algolia/transporter": {
      "version": "4.9.1",
      "resolved": "https://registry.npmjs.org/@algolia/transporter/-/transporter-4.9.1.tgz",
      "integrity": "sha512-AbjFfGzX+cAuj7Qyc536OxIQzjFOA5FU2ANGStx8LBH+AKXScwfkx67C05riuaRR5adSCLMSEbVvUscH0nF+6A==",
      "requires": {
        "@algolia/cache-common": "4.9.1",
        "@algolia/logger-common": "4.9.1",
        "@algolia/requester-common": "4.9.1"
      }
    },
    "@grammyjs/types": {
      "version": "2.1.3",
      "resolved": "https://registry.npmjs.org/@grammyjs/types/-/types-2.1.3.tgz",
      "integrity": "sha512-AYvNEOb+CuqKVcpHSPgFGv8AocwahxcPmPRL6QW0tW6/vWNvyLSutb+2Han1qj+GO67cqKzWQzDtOuknCdewsQ=="
    },
    "@types/node": {
      "version": "15.6.1",
      "resolved": "https://registry.npmjs.org/@types/node/-/node-15.6.1.tgz",
      "integrity": "sha512-7EIraBEyRHEe7CH+Fm1XvgqU6uwZN8Q7jppJGcqjROMT29qhAuuOxYB1uEY5UMYQKEmA5D+5tBnhdaPXSsLONA==",
      "dev": true
    },
    "abort-controller": {
      "version": "3.0.0",
      "resolved": "https://registry.npmjs.org/abort-controller/-/abort-controller-3.0.0.tgz",
      "integrity": "sha512-h8lQ8tacZYnR3vNQTgibj+tODHI5/+l06Au2Pcriv/Gmet0eaj4TwWH41sO9wnHDiQsEj19q0drzdWdeAHtweg==",
      "requires": {
        "event-target-shim": "^5.0.0"
      }
    },
    "algoliasearch": {
      "version": "4.9.1",
      "resolved": "https://registry.npmjs.org/algoliasearch/-/algoliasearch-4.9.1.tgz",
      "integrity": "sha512-EeJUYXzBEhZSsL6tXc3hseLBCtlNLa1MZ4mlMK6EeX38yRjY5vgnFcNNml6uUhlOjvheKxgkKRpPWkxgL8Cqkg==",
      "requires": {
        "@algolia/cache-browser-local-storage": "4.9.1",
        "@algolia/cache-common": "4.9.1",
        "@algolia/cache-in-memory": "4.9.1",
        "@algolia/client-account": "4.9.1",
        "@algolia/client-analytics": "4.9.1",
        "@algolia/client-common": "4.9.1",
        "@algolia/client-recommendation": "4.9.1",
        "@algolia/client-search": "4.9.1",
        "@algolia/logger-common": "4.9.1",
        "@algolia/logger-console": "4.9.1",
        "@algolia/requester-browser-xhr": "4.9.1",
        "@algolia/requester-common": "4.9.1",
        "@algolia/requester-node-http": "4.9.1",
        "@algolia/transporter": "4.9.1"
      }
    },
    "debug": {
      "version": "4.3.1",
      "resolved": "https://registry.npmjs.org/debug/-/debug-4.3.1.tgz",
      "integrity": "sha512-doEwdvm4PCeK4K3RQN2ZC2BYUBaxwLARCqZmMjtF8a51J2Rb0xpVloFRnCODwqjpwnAoao4pelN8l3RJdv3gRQ==",
      "requires": {
        "ms": "2.1.2"
      }
    },
    "event-target-shim": {
      "version": "5.0.1",
      "resolved": "https://registry.npmjs.org/event-target-shim/-/event-target-shim-5.0.1.tgz",
      "integrity": "sha512-i/2XbnSz/uxRCU6+NdVJgKWDTM427+MqYbkQzD321DuCQJUqOuJKIA0IM2+W2xtYHdKOmZ4dR6fExsd4SXL+WQ=="
    },
    "grammy": {
      "version": "1.1.6",
      "resolved": "https://registry.npmjs.org/grammy/-/grammy-1.1.6.tgz",
      "integrity": "sha512-BTEPw57OKltt1L0TnU6ADjei3TUbDFFzSa1Pbkoe9GmXvDtY/ixe6ZrnDATgBesi52OA7wkbErjhoqZWj/AXaw==",
      "requires": {
        "@grammyjs/types": "^2.1.3",
        "abort-controller": "^3.0.0",
        "debug": "^4.3.1",
        "node-fetch": "^2.6.1"
      }
    },
    "ms": {
      "version": "2.1.2",
      "resolved": "https://registry.npmjs.org/ms/-/ms-2.1.2.tgz",
      "integrity": "sha512-sGkPx+VjMtmA6MX27oA4FBFELFCZZ4S4XqeGOXCv68tT+jb3vk/RyaKWP0PTKyWtmLSM0b+adUTEvbs1PEaH2w=="
    },
    "node-fetch": {
      "version": "2.6.1",
      "resolved": "https://registry.npmjs.org/node-fetch/-/node-fetch-2.6.1.tgz",
      "integrity": "sha512-V4aYg89jEoVRxRb2fJdAg8FHvI7cEyYdVAh94HH0UIK8oJxUfkjlDQN9RbMx+bEjP7+ggMiFRprSti032Oipxw=="
    },
    "typescript": {
      "version": "4.3.2",
      "resolved": "https://registry.npmjs.org/typescript/-/typescript-4.3.2.tgz",
      "integrity": "sha512-zZ4hShnmnoVnAHpVHWpTcxdv7dWP60S2FsydQLV8V5PbS3FifjWFFRiHSWpDJahly88PRyV5teTSLoq4eG7mKw==",
      "dev": true
    }
  }
}
